
Microsoft Visual Studio Solution File, Format Version 12.00
# Visual Studio Version 17
VisualStudioVersion = 17.11.35312.102
MinimumVisualStudioVersion = 10.0.40219.1
Project("{9A19103F-16F7-4668-BE54-9A1E7A4F7556}") = "MyApiNight.EntityLayer", "MyApiNight.EntityLayer\MyApiNight.EntityLayer.csproj", "{A1CAA153-BDDA-4D59-8771-FBE8A1D8657E}"
EndProject
Project("{9A19103F-16F7-4668-BE54-9A1E7A4F7556}") = "MyApiNight.DataAccessLayer", "MyApiNight.DataAccessLayer\MyApiNight.DataAccessLayer.csproj", "{2104B2E5-27ED-4559-9445-49F656A68E6F}"
EndProject
Project("{9A19103F-16F7-4668-BE54-9A1E7A4F7556}") = "MyApiNight.BusinessLayer", "MyApiNight.BusinessLayer\MyApiNight.BusinessLayer.csproj", "{62B9B0C8-1055-45CB-A5FB-4844D099C828}"
EndProject
Project("{9A19103F-16F7-4668-BE54-9A1E7A4F7556}") = "MyApiNight.WebApi", "MyApiNight.WebApi\MyApiNight.WebApi.csproj", "{7D4059A1-68A2-47CF-8DC3-73F0323BB107}"
EndProject
Project("{FAE04EC0-301F-11D3-BF4B-00C04F79EFBC}") = "MyApiNight.WebUI", "MyApiNight.WebUI\MyApiNight.WebUI.csproj", "{FCBD0985-6FD0-405A-9BEF-228C311E09F3}"
EndProject
Global
	GlobalSection(SolutionConfigurationPlatforms) = preSolution
		Debug|Any CPU = Debug|Any CPU
		Release|Any CPU = Release|Any CPU
	EndGlobalSection
	GlobalSection(ProjectConfigurationPlatforms) = postSolution
		{A1CAA153-BDDA-4D59-8771-FBE8A1D8657E}.Debug|Any CPU.ActiveCfg = Debug|Any CPU
		{A1CAA153-BDDA-4D59-8771-FBE8A1D8657E}.Debug|Any CPU.Build.0 = Debug|Any CPU
		{A1CAA153-BDDA-4D59-8771-FBE8A1D8657E}.Release|Any CPU.ActiveCfg = Release|Any CPU
		{A1CAA153-BDDA-4D59-8771-FBE8A1D8657E}.Release|Any CPU.Build.0 = Release|Any CPU
		{2104B2E5-27ED-4559-9445-49F656A68E6F}.Debug|Any CPU.ActiveCfg = Debug|Any CPU
		{2104B2E5-27ED-4559-9445-49F656A68E6F}.Debug|Any CPU.Build.0 = Debug|Any CPU
		{2104B2E5-27ED-4559-9445-49F656A68E6F}.Release|Any CPU.ActiveCfg = Release|Any CPU
		{2104B2E5-27ED-4559-9445-49F656A68E6F}.Release|Any CPU.Build.0 = Release|Any CPU
		{62B9B0C8-1055-45CB-A5FB-4844D099C828}.Debug|Any CPU.ActiveCfg = Debug|Any CPU
		{62B9B0C8-1055-45CB-A5FB-4844D099C828}.Debug|Any CPU.Build.0 = Debug|Any CPU
		{62B9B0C8-1055-45CB-A5FB-4844D099C828}.Release|Any CPU.ActiveCfg = Release|Any CPU
		{62B9B0C8-1055-45CB-A5FB-4844D099C828}.Release|Any CPU.Build.0 = Release|Any CPU
		{7D4059A1-68A2-47CF-8DC3-73F0323BB107}.Debug|Any CPU.ActiveCfg = Debug|Any CPU
		{7D4059A1-68A2-47CF-8DC3-73F0323BB107}.Debug|Any CPU.Build.0 = Debug|Any CPU
		{7D4059A1-68A2-47CF-8DC3-73F0323BB107}.Release|Any CPU.ActiveCfg = Release|Any CPU
		{7D4059A1-68A2-47CF-8DC3-73F0323BB107}.Release|Any CPU.Build.0 = Release|Any CPU
		{FCBD0985-6FD0-405A-9BEF-228C311E09F3}.Debug|Any CPU.ActiveCfg = Debug|Any CPU
		{FCBD0985-6FD0-405A-9BEF-228C311E09F3}.Debug|Any CPU.Build.0 = Debug|Any CPU
		{FCBD0985-6FD0-405A-9BEF-228C311E09F3}.Release|Any CPU.ActiveCfg = Release|Any CPU
		{FCBD0985-6FD0-405A-9BEF-228C311E09F3}.Release|Any CPU.Build.0 = Release|Any CPU
	EndGlobalSection
	GlobalSection(SolutionProperties) = preSolution
		HideSolutionNode = FALSE
	EndGlobalSection
	GlobalSection(ExtensibilityGlobals) = postSolution
		SolutionGuid = {A68E4D36-9FBC-4E45-A4B2-4650EA60F9E7}
	EndGlobalSection
EndGlobal
